// !$*UTF8*$!
{
	archiveVersion = 1;
	classes = {
	};
	objectVersion = 50;
	objects = {

/* Begin PBXBuildFile section */
		1818208924AF27CF003B91EF /* AppDelegate.swift in Sources */ = {isa = PBXBuildFile; fileRef = 1818208824AF27CF003B91EF /* AppDelegate.swift */; };
		1818208B24AF27CF003B91EF /* SceneDelegate.swift in Sources */ = {isa = PBXBuildFile; fileRef = 1818208A24AF27CF003B91EF /* SceneDelegate.swift */; };
		1818208D24AF27CF003B91EF /* ViewController.swift in Sources */ = {isa = PBXBuildFile; fileRef = 1818208C24AF27CF003B91EF /* ViewController.swift */; };
		1818209024AF27CF003B91EF /* Main.storyboard in Resources */ = {isa = PBXBuildFile; fileRef = 1818208E24AF27CF003B91EF /* Main.storyboard */; };
		1818209224AF27D6003B91EF /* Assets.xcassets in Resources */ = {isa = PBXBuildFile; fileRef = 1818209124AF27D6003B91EF /* Assets.xcassets */; };
		1818209524AF27D6003B91EF /* LaunchScreen.storyboard in Resources */ = {isa = PBXBuildFile; fileRef = 1818209324AF27D6003B91EF /* LaunchScreen.storyboard */; };
/* End PBXBuildFile section */

/* Begin PBXFileReference section */
		1818208524AF27CF003B91EF /* HigherOrderFunctionsUsage.app */ = {isa = PBXFileReference; explicitFileType = wrapper.application; includeInIndex = 0; path = HigherOrderFunctionsUsage.app; sourceTree = BUILT_PRODUCTS_DIR; };
		1818208824AF27CF003B91EF /* AppDelegate.swift */ = {isa = PBXFileReference; lastKnownFileType = sourcecode.swift; path = AppDelegate.swift; sourceTree = "<group>"; };
		1818208A24AF27CF003B91EF /* SceneDelegate.swift */ = {isa = PBXFileReference; lastKnownFileType = sourcecode.swift; path = SceneDelegate.swift; sourceTree = "<group>"; };
		1818208C24AF27CF003B91EF /* ViewController.swift */ = {isa = PBXFileReference; lastKnownFileType = sourcecode.swift; path = ViewController.swift; sourceTree = "<group>"; };
		1818208F24AF27CF003B91EF /* Base */ = {isa = PBXFileReference; lastKnownFileType = file.storyboard; name = Base; path = Base.lproj/Main.storyboard; sourceTree = "<group>"; };
		1818209124AF27D6003B91EF /* Assets.xcassets */ = {isa = PBXFileReference; lastKnownFileType = folder.assetcatalog; path = Assets.xcassets; sourceTree = "<group>"; };
		1818209424AF27D6003B91EF /* Base */ = {isa = PBXFileReference; lastKnownFileType = file.storyboard; name = Base; path = Base.lproj/LaunchScreen.storyboard; sourceTree = "<group>"; };
		1818209624AF27D6003B91EF /* Info.plist */ = {isa = PBXFileReference; lastKnownFileType = text.plist.xml; path = Info.plist; sourceTree = "<group>"; };
/* End PBXFileReference section */

/* Begin PBXFrameworksBuildPhase section */
		1818208224AF27CF003B91EF /* Frameworks */ = {
			isa = PBXFrameworksBuildPhase;
			buildActionMask = 2147483647;
			files = (
			);
			runOnlyForDeploymentPostprocessing = 0;
		};
/* End PBXFrameworksBuildPhase section */

/* Begin PBXGroup section */
		1818207C24AF27CF003B91EF = {
			isa = PBXGroup;
			children = (
				1818208724AF27CF003B91EF /* HigherOrderFunctionsUsage */,
				1818208624AF27CF003B91EF /* Products */,
			);
			sourceTree = "<group>";
		};
		1818208624AF27CF003B91EF /* Products */ = {
			isa = PBXGroup;
			children = (
				1818208524AF27CF003B91EF /* HigherOrderFunctionsUsage.app */,
			);
			name = Products;
			sourceTree = "<group>";
		};
		1818208724AF27CF003B91EF /* HigherOrderFunctionsUsage */ = {
			isa = PBXGroup;
			children = (
				1818208824AF27CF003B91EF /* AppDelegate.swift */,
				1818208A24AF27CF003B91EF /* SceneDelegate.swift */,
				1818208C24AF27CF003B91EF /* ViewController.swift */,
				1818208E24AF27CF003B91EF /* Main.storyboard */,
				1818209124AF27D6003B91EF /* Assets.xcassets */,
				1818209324AF27D6003B91EF /* LaunchScreen.storyboard */,
				1818209624AF27D6003B91EF /* Info.plist */,
			);
			path = HigherOrderFunctionsUsage;
			sourceTree = "<group>";
		};
/* End PBXGroup section */

/* Begin PBXNativeTarget section */
		1818208424AF27CF003B91EF /* HigherOrderFunctionsUsage */ = {
			isa = PBXNativeTarget;
			buildConfigurationList = 1818209924AF27D6003B91EF /* Build configuration list for PBXNativeTarget "HigherOrderFunctionsUsage" */;
			buildPhases = (
				1818208124AF27CF003B91EF /* Sources */,
				1818208224AF27CF003B91EF /* Frameworks */,
				1818208324AF27CF003B91EF /* Resources */,
			);
			buildRules = (
			);
			dependencies = (
			);
			name = HigherOrderFunctionsUsage;
			productName = HigherOrderFunctionsUsage;
			productReference = 1818208524AF27CF003B91EF /* HigherOrderFunctionsUsage.app */;
			productType = "com.apple.product-type.application";
		};
/* End PBXNativeTarget section */

/* Begin PBXProject section */
		1818207D24AF27CF003B91EF /* Project object */ = {
			isa = PBXProject;
			attributes = {
				LastSwiftUpdateCheck = 1130;
				LastUpgradeCheck = 1130;
				ORGANIZATIONNAME = Vignesh;
				TargetAttributes = {
					1818208424AF27CF003B91EF = {
						CreatedOnToolsVersion = 11.3.1;
					};
				};
			};
			buildConfigurationList = 1818208024AF27CF003B91EF /* Build configuration list for PBXProject "HigherOrderFunctionsUsage" */;
			compatibilityVersion = "Xcode 9.3";
			developmentRegion = en;
			hasScannedForEncodings = 0;
			knownRegions = (
				en,
				Base,
			);
			mainGroup = 1818207C24AF27CF003B91EF;
			productRefGroup = 1818208624AF27CF003B91EF /* Products */;
			projectDirPath = "";
			projectRoot = "";
			targets = (
				1818208424AF27CF003B91EF /* HigherOrderFunctionsUsage */,
			);
		};
/* End PBXProject section */

/* Begin PBXResourcesBuildPhase section */
		1818208324AF27CF003B91EF /* Resources */ = {
			isa = PBXResourcesBuildPhase;
			buildActionMask = 2147483647;
			files = (
				1818209524AF27D6003B91EF /* LaunchScreen.storyboard in Resources */,
				1818209224AF27D6003B91EF /* Assets.xcassets in Resources */,
				1818209024AF27CF003B91EF /* Main.storyboard in Resources */,
			);
			runOnlyForDeploymentPostprocessing = 0;
		};
/* End PBXResourcesBuildPhase section */

/* Begin PBXSourcesBuildPhase section */
		1818208124AF27CF003B91EF /* Sources */ = {
			isa = PBXSourcesBuildPhase;
			buildActionMask = 2147483647;
			files = (
				1818208D24AF27CF003B91EF /* ViewController.swift in Sources */,
				1818208924AF27CF003B91EF /* AppDelegate.swift in Sources */,
				1818208B24AF27CF003B91EF /* SceneDelegate.swift in Sources */,
			);
			runOnlyForDeploymentPostprocessing = 0;
		};
/* End PBXSourcesBuildPhase section */

/* Begin PBXVariantGroup section */
		1818208E24AF27CF003B91EF /* Main.storyboard */ = {
			isa = PBXVariantGroup;
			children = (
				1818208F24AF27CF003B91EF /* Base */,
			);
			name = Main.storyboard;
			sourceTree = "<group>";
		};
		1818209324AF27D6003B91EF /* LaunchScreen.storyboard */ = {
			isa = PBXVariantGroup;
			children = (
				1818209424AF27D6003B91EF /* Base */,
			);
			name = LaunchScreen.storyboard;
			sourceTree = "<group>";
		};
/* End PBXVariantGroup section */

/* Begin XCBuildConfiguration section */
		1818209724AF27D6003B91EF /* Debug */ = {
			isa = XCBuildConfiguration;
			buildSettings = {
				ALWAYS_SEARCH_USER_PATHS = NO;
				CLANG_ANALYZER_NONNULL = YES;
				CLANG_ANALYZER_NUMBER_OBJECT_CONVERSION = YES_AGGRESSIVE;
				CLANG_CXX_LANGUAGE_STANDARD = "gnu++14";
				CLANG_CXX_LIBRARY = "libc++";
				CLANG_ENABLE_MODULES = YES;
				CLANG_ENABLE_OBJC_ARC = YES;
				CLANG_ENABLE_OBJC_WEAK = YES;
				CLANG_WARN_BLOCK_CAPTURE_AUTORELEASING = YES;
				CLANG_WARN_BOOL_CONVERSION = YES;
				CLANG_WARN_COMMA = YES;
				CLANG_WARN_CONSTANT_CONVERSION = YES;
				CLANG_WARN_DEPRECATED_OBJC_IMPLEMENTATIONS = YES;
				CLANG_WARN_DIRECT_OBJC_ISA_USAGE = YES_ERROR;
				CLANG_WARN_DOCUMENTATION_COMMENTS = YES;
				CLANG_WARN_EMPTY_BODY = YES;
				CLANG_WARN_ENUM_CONVERSION = YES;
				CLANG_WARN_INFINITE_RECURSION = YES;
				CLANG_WARN_INT_CONVERSION = YES;
				CLANG_WARN_NON_LITERAL_NULL_CONVERSION = YES;
				CLANG_WARN_OBJC_IMPLICIT_RETAIN_SELF = YES;
				CLANG_WARN_OBJC_LITERAL_CONVERSION = YES;
				CLANG_WARN_OBJC_ROOT_CLASS = YES_ERROR;
				CLANG_WARN_RANGE_LOOP_ANALYSIS = YES;
				CLANG_WARN_STRICT_PROTOTYPES = YES;
				CLANG_WARN_SUSPICIOUS_MOVE = YES;
				CLANG_WARN_UNGUARDED_AVAILABILITY = YES_AGGRESSIVE;
				CLANG_WARN_UNREACHABLE_CODE = YES;
				CLANG_WARN__DUPLICATE_METHOD_MATCH = YES;
				COPY_PHASE_STRIP = NO;
				DEBUG_INFORMATION_FORMAT = dwarf;
				ENABLE_STRICT_OBJC_MSGSEND = YES;
				ENABLE_TESTABILITY = YES;
				GCC_C_LANGUAGE_STANDARD = gnu11;
				GCC_DYNAMIC_NO_PIC = NO;
				GCC_NO_COMMON_BLOCKS = YES;
				GCC_OPTIMIZATION_LEVEL = 0;
				GCC_PREPROCESSOR_DEFINITIONS = (
					"DEBUG=1",
					"$(inherited)",
				);
				GCC_WARN_64_TO_32_BIT_CONVERSION = YES;
				GCC_WARN_ABOUT_RETURN_TYPE = YES_ERROR;
				GCC_WARN_UNDECLARED_SELECTOR = YES;
				GCC_WARN_UNINITIALIZED_AUTOS = YES_AGGRESSIVE;
				GCC_WARN_UNUSED_FUNCTION = YES;
				GCC_WARN_UNUSED_VARIABLE = YES;
				IPHONEOS_DEPLOYMENT_TARGET = 13.2;
				MTL_ENABLE_DEBUG_INFO = INCLUDE_SOURCE;
				MTL_FAST_MATH = YES;
				ONLY_ACTIVE_ARCH = YES;
				SDKROOT = iphoneos;
				SWIFT_ACTIVE_COMPILATION_CONDITIONS = DEBUG;
				SWIFT_OPTIMIZATION_LEVEL = "-Onone";
			};
			name = Debug;
		};
		1818209824AF27D6003B91EF /* Release */ = {
			isa = XCBuildConfiguration;
			buildSettings = {
				ALWAYS_SEARCH_USER_PATHS = NO;
				CLANG_ANALYZER_NONNULL = YES;
				CLANG_ANALYZER_NUMBER_OBJECT_CONVERSION = YES_AGGRESSIVE;
				CLANG_CXX_LANGUAGE_STANDARD = "gnu++14";
				CLANG_CXX_LIBRARY = "libc++";
				CLANG_ENABLE_MODULES = YES;
				CLANG_ENABLE_OBJC_ARC = YES;
				CLANG_ENABLE_OBJC_WEAK = YES;
				CLANG_WARN_BLOCK_CAPTURE_AUTORELEASING = YES;
				CLANG_WARN_BOOL_CONVERSION = YES;
				CLANG_WARN_COMMA = YES;
				CLANG_WARN_CONSTANT_CONVERSION = YES;
				CLANG_WARN_DEPRECATED_OBJC_IMPLEMENTATIONS = YES;
				CLANG_WARN_DIRECT_OBJC_ISA_USAGE = YES_ERROR;
				CLANG_WARN_DOCUMENTATION_COMMENTS = YES;
				CLANG_WARN_EMPTY_BODY = YES;
				CLANG_WARN_ENUM_CONVERSION = YES;
				CLANG_WARN_INFINITE_RECURSION = YES;
				CLANG_WARN_INT_CONVERSION = YES;
				CLANG_WARN_NON_LITERAL_NULL_CONVERSION = YES;
				CLANG_WARN_OBJC_IMPLICIT_RETAIN_SELF = YES;
				CLANG_WARN_OBJC_LITERAL_CONVERSION = YES;
				CLANG_WARN_OBJC_ROOT_CLASS = YES_ERROR;
				CLANG_WARN_RANGE_LOOP_ANALYSIS = YES;
				CLANG_WARN_STRICT_PROTOTYPES = YES;
				CLANG_WARN_SUSPICIOUS_MOVE = YES;
				CLANG_WARN_UNGUARDED_AVAILABILITY = YES_AGGRESSIVE;
				CLANG_WARN_UNREACHABLE_CODE = YES;
				CLANG_WARN__DUPLICATE_METHOD_MATCH = YES;
				COPY_PHASE_STRIP = NO;
				DEBUG_INFORMATION_FORMAT = "dwarf-with-dsym";
				ENABLE_NS_ASSERTIONS = NO;
				ENABLE_STRICT_OBJC_MSGSEND = YES;
				GCC_C_LANGUAGE_STANDARD = gnu11;
				GCC_NO_COMMON_BLOCKS = YES;
				GCC_WARN_64_TO_32_BIT_CONVERSION = YES;
				GCC_WARN_ABOUT_RETURN_TYPE = YES_ERROR;
				GCC_WARN_UNDECLARED_SELECTOR = YES;
				GCC_WARN_UNINITIALIZED_AUTOS = YES_AGGRESSIVE;
				GCC_WARN_UNUSED_FUNCTION = YES;
				GCC_WARN_UNUSED_VARIABLE = YES;
				IPHONEOS_DEPLOYMENT_TARGET = 13.2;
				MTL_ENABLE_DEBUG_INFO = NO;
				MTL_FAST_MATH = YES;
				SDKROOT = iphoneos;
				SWIFT_COMPILATION_MODE = wholemodule;
				SWIFT_OPTIMIZATION_LEVEL = "-O";
				VALIDATE_PRODUCT = YES;
			};
			name = Release;
		};
		1818209A24AF27D6003B91EF /* Debug */ = {
			isa = XCBuildConfiguration;
			buildSettings = {
				ASSETCATALOG_COMPILER_APPICON_NAME = AppIcon;
				CODE_SIGN_STYLE = Automatic;
				INFOPLIST_FILE = HigherOrderFunctionsUsage/Info.plist;
				LD_RUNPATH_SEARCH_PATHS = (
					"$(inherited)",
					"@executable_path/Frameworks",
				);
				PRODUCT_BUNDLE_IDENTIFIER = com.vignesh.HigherOrderFunctionsUsage;
				PRODUCT_NAME = "$(TARGET_NAME)";
				SWIFT_VERSION = 5.0;
				TARGETED_DEVICE_FAMILY = "1,2";
			};
			name = Debug;
		};
		1818209B24AF27D6003B91EF /* Release */ = {
			isa = XCBuildConfiguration;
			buildSettings = {
				ASSETCATALOG_COMPILER_APPICON_NAME = AppIcon;
				CODE_SIGN_STYLE = Automatic;
				INFOPLIST_FILE = HigherOrderFunctionsUsage/Info.plist;
				LD_RUNPATH_SEARCH_PATHS = (
					"$(inherited)",
					"@executable_path/Frameworks",
				);
				PRODUCT_BUNDLE_IDENTIFIER = com.vignesh.HigherOrderFunctionsUsage;
				PRODUCT_NAME = "$(TARGET_NAME)";
				SWIFT_VERSION = 5.0;
				TARGETED_DEVICE_FAMILY = "1,2";
			};
			name = Release;
		};
/* End XCBuildConfiguration section */

/* Begin XCConfigurationList section */
		1818208024AF27CF003B91EF /* Build configuration list for PBXProject "HigherOrderFunctionsUsage" */ = {
			isa = XCConfigurationList;
			buildConfigurations = (
				1818209724AF27D6003B91EF /* Debug */,
				1818209824AF27D6003B91EF /* Release */,
			);
			defaultConfigurationIsVisible = 0;
			defaultConfigurationName = Release;
		};
		1818209924AF27D6003B91EF /* Build configuration list for PBXNativeTarget "HigherOrderFunctionsUsage" */ = {
			isa = XCConfigurationList;
			buildConfigurations = (
				1818209A24AF27D6003B91EF /* Debug */,
				1818209B24AF27D6003B91EF /* Release */,
			);
			defaultConfigurationIsVisible = 0;
			defaultConfigurationName = Release;
		};
/* End XCConfigurationList section */
	};
	rootObject = 1818207D24AF27CF003B91EF /* Project object */;
}
